
Microsoft Visual Studio Solution File, Format Version 12.00
# Visual Studio 15
VisualStudioVersion = 15.0.27004.2002
MinimumVisualStudioVersion = 10.0.40219.1
Project("{FAE04EC0-301F-11D3-BF4B-00C04F79EFBC}") = "Laba3", "Laba3\Laba3.csproj", "{C305E240-3B5B-4F35-99CB-094E8346A1B4}"
EndProject
Project("{FAE04EC0-301F-11D3-BF4B-00C04F79EFBC}") = "UnitTest", "UnitTest\UnitTest.csproj", "{BAFD06AA-16F8-452D-9174-3308EEE199A7}"
EndProject
Global
	GlobalSection(SolutionConfigurationPlatforms) = preSolution
		Debug|Any CPU = Debug|Any CPU
		Release|Any CPU = Release|Any CPU
	EndGlobalSection
	GlobalSection(ProjectConfigurationPlatforms) = postSolution
		{C305E240-3B5B-4F35-99CB-094E8346A1B4}.Debug|Any CPU.ActiveCfg = Debug|Any CPU
		{C305E240-3B5B-4F35-99CB-094E8346A1B4}.Debug|Any CPU.Build.0 = Debug|Any CPU
		{C305E240-3B5B-4F35-99CB-094E8346A1B4}.Release|Any CPU.ActiveCfg = Release|Any CPU
		{C305E240-3B5B-4F35-99CB-094E8346A1B4}.Release|Any CPU.Build.0 = Release|Any CPU
		{BAFD06AA-16F8-452D-9174-3308EEE199A7}.Debug|Any CPU.ActiveCfg = Debug|Any CPU
		{BAFD06AA-16F8-452D-9174-3308EEE199A7}.Debug|Any CPU.Build.0 = Debug|Any CPU
		{BAFD06AA-16F8-452D-9174-3308EEE199A7}.Release|Any CPU.ActiveCfg = Release|Any CPU
		{BAFD06AA-16F8-452D-9174-3308EEE199A7}.Release|Any CPU.Build.0 = Release|Any CPU
	EndGlobalSection
	GlobalSection(SolutionProperties) = preSolution
		HideSolutionNode = FALSE
	EndGlobalSection
	GlobalSection(ExtensibilityGlobals) = postSolution
		SolutionGuid = {404E45B3-2F74-4FA8-A0AA-BB56102AC78E}
	EndGlobalSection
EndGlobal
